
Microsoft Visual Studio Solution File, Format Version 12.00
# Visual Studio 15
VisualStudioVersion = 15.0.26228.4
MinimumVisualStudioVersion = 10.0.40219.1
Project("{2150E333-8FDC-42A3-9474-1A3956D46DE8}") = "src", "src", "{E2D4B5AC-1AA7-4B4E-A3B2-08F5CE56D555}"
EndProject
Project("{2150E333-8FDC-42A3-9474-1A3956D46DE8}") = "test", "test", "{8D2F7ED7-4934-4852-A5A6-CD89B6BE4FD8}"
EndProject
Project("{9A19103F-16F7-4668-BE54-9A1E7A4F7556}") = "PgDoc", "src\PgDoc\PgDoc.csproj", "{C1948A29-7B77-4AE3-A60A-DC84AA5D2887}"
EndProject
Project("{9A19103F-16F7-4668-BE54-9A1E7A4F7556}") = "PgDoc.Tests", "test\PgDoc.Tests\PgDoc.Tests.csproj", "{150B8409-396E-408F-BDB6-037268F4B805}"
EndProject
Global
	GlobalSection(SolutionConfigurationPlatforms) = preSolution
		Debug|Any CPU = Debug|Any CPU
		Release|Any CPU = Release|Any CPU
	EndGlobalSection
	GlobalSection(ProjectConfigurationPlatforms) = postSolution
		{C1948A29-7B77-4AE3-A60A-DC84AA5D2887}.Debug|Any CPU.ActiveCfg = Debug|Any CPU
		{C1948A29-7B77-4AE3-A60A-DC84AA5D2887}.Debug|Any CPU.Build.0 = Debug|Any CPU
		{C1948A29-7B77-4AE3-A60A-DC84AA5D2887}.Release|Any CPU.ActiveCfg = Release|Any CPU
		{C1948A29-7B77-4AE3-A60A-DC84AA5D2887}.Release|Any CPU.Build.0 = Release|Any CPU
		{150B8409-396E-408F-BDB6-037268F4B805}.Debug|Any CPU.ActiveCfg = Debug|Any CPU
		{150B8409-396E-408F-BDB6-037268F4B805}.Debug|Any CPU.Build.0 = Debug|Any CPU
		{150B8409-396E-408F-BDB6-037268F4B805}.Release|Any CPU.ActiveCfg = Release|Any CPU
		{150B8409-396E-408F-BDB6-037268F4B805}.Release|Any CPU.Build.0 = Release|Any CPU
	EndGlobalSection
	GlobalSection(SolutionProperties) = preSolution
		HideSolutionNode = FALSE
	EndGlobalSection
	GlobalSection(NestedProjects) = preSolution
		{C1948A29-7B77-4AE3-A60A-DC84AA5D2887} = {E2D4B5AC-1AA7-4B4E-A3B2-08F5CE56D555}
		{150B8409-396E-408F-BDB6-037268F4B805} = {8D2F7ED7-4934-4852-A5A6-CD89B6BE4FD8}
	EndGlobalSection
	GlobalSection(ExtensibilityGlobals) = postSolution
		SolutionGuid = {24F97C50-C07C-4C51-BBE6-B3E2CF9D9A2D}
	EndGlobalSection
EndGlobal
